// !$*UTF8*$!
{
	archiveVersion = 1;
	classes = {
	};
	objectVersion = 50;
	objects = {

/* Begin PBXBuildFile section */
		4C15B73020CF09CD0082851A /* BinaryIntegerExt.swift in Sources */ = {isa = PBXBuildFile; fileRef = 4CFB9D5420C048D40048BB16 /* BinaryIntegerExt.swift */; };
		4C15B73120CF09D20082851A /* Random.swift in Sources */ = {isa = PBXBuildFile; fileRef = 4CFB9D5220C048D40048BB16 /* Random.swift */; };
		4C15B73220CF09D50082851A /* Stack.swift in Sources */ = {isa = PBXBuildFile; fileRef = 4CFB9D5320C048D40048BB16 /* Stack.swift */; };
		4C15B73320CF09D90082851A /* StringExt.swift in Sources */ = {isa = PBXBuildFile; fileRef = 4CFB9D5520C048D40048BB16 /* StringExt.swift */; };
		4C74BE6D20DD406700F765C8 /* Bool.swift in Sources */ = {isa = PBXBuildFile; fileRef = 4C74BE6C20DD406700F765C8 /* Bool.swift */; };
		4C74BE6E20DD409900F765C8 /* Bool.swift in Sources */ = {isa = PBXBuildFile; fileRef = 4C74BE6C20DD406700F765C8 /* Bool.swift */; };
		4C74BE6F20DD409A00F765C8 /* Bool.swift in Sources */ = {isa = PBXBuildFile; fileRef = 4C74BE6C20DD406700F765C8 /* Bool.swift */; };
		4C74BE7120DD411800F765C8 /* BoolTests.swift in Sources */ = {isa = PBXBuildFile; fileRef = 4C74BE7020DD411800F765C8 /* BoolTests.swift */; };
		4CF2EC5520D20ED100A9F68A /* Relation.swift in Sources */ = {isa = PBXBuildFile; fileRef = 4CF2EC5420D20ED100A9F68A /* Relation.swift */; };
		4CF2EC5620D20ED100A9F68A /* Relation.swift in Sources */ = {isa = PBXBuildFile; fileRef = 4CF2EC5420D20ED100A9F68A /* Relation.swift */; };
		4CF2EC5720D20ED100A9F68A /* Relation.swift in Sources */ = {isa = PBXBuildFile; fileRef = 4CF2EC5420D20ED100A9F68A /* Relation.swift */; };
		4CFB9D5E20C0490F0048BB16 /* EssentialsTests.swift in Sources */ = {isa = PBXBuildFile; fileRef = 4CFB9D5D20C0490F0048BB16 /* EssentialsTests.swift */; };
		4CFB9D6720C0491D0048BB16 /* StackTests.swift in Sources */ = {isa = PBXBuildFile; fileRef = 4CFB9D6320C0491D0048BB16 /* StackTests.swift */; };
		4CFB9D6820C0491D0048BB16 /* BinaryIntegerExtTests.swift in Sources */ = {isa = PBXBuildFile; fileRef = 4CFB9D6420C0491D0048BB16 /* BinaryIntegerExtTests.swift */; };
		4CFB9D6920C0491D0048BB16 /* StringExtTests.swift in Sources */ = {isa = PBXBuildFile; fileRef = 4CFB9D6520C0491D0048BB16 /* StringExtTests.swift */; };
		4CFB9D6A20C0491D0048BB16 /* RandomTests.swift in Sources */ = {isa = PBXBuildFile; fileRef = 4CFB9D6620C0491D0048BB16 /* RandomTests.swift */; };
		4CFB9D7D20C049810048BB16 /* EssentialsMacOS.framework in Frameworks */ = {isa = PBXBuildFile; fileRef = 4CFB9D7420C049800048BB16 /* EssentialsMacOS.framework */; };
		4CFB9D8220C049810048BB16 /* EssentialsMacOSTests.swift in Sources */ = {isa = PBXBuildFile; fileRef = 4CFB9D8120C049810048BB16 /* EssentialsMacOSTests.swift */; };
		4CFB9D8420C049810048BB16 /* EssentialsMacOS.h in Headers */ = {isa = PBXBuildFile; fileRef = 4CFB9D7620C049810048BB16 /* EssentialsMacOS.h */; settings = {ATTRIBUTES = (Public, ); }; };
		4CFB9D9920C0499F0048BB16 /* EssentialsiOS.framework in Frameworks */ = {isa = PBXBuildFile; fileRef = 4CFB9D9020C0499F0048BB16 /* EssentialsiOS.framework */; };
		4CFB9D9E20C0499F0048BB16 /* EssentialsiOSTests.swift in Sources */ = {isa = PBXBuildFile; fileRef = 4CFB9D9D20C0499F0048BB16 /* EssentialsiOSTests.swift */; };
		4CFB9DA020C0499F0048BB16 /* EssentialsiOS.h in Headers */ = {isa = PBXBuildFile; fileRef = 4CFB9D9220C0499F0048BB16 /* EssentialsiOS.h */; settings = {ATTRIBUTES = (Public, ); }; };
		4CFB9DFD20C062F50048BB16 /* BinaryIntegerExt.swift in Sources */ = {isa = PBXBuildFile; fileRef = 4CFB9D5420C048D40048BB16 /* BinaryIntegerExt.swift */; };
		4CFB9DFE20C062F80048BB16 /* Random.swift in Sources */ = {isa = PBXBuildFile; fileRef = 4CFB9D5220C048D40048BB16 /* Random.swift */; };
		4CFB9DFF20C062FB0048BB16 /* Stack.swift in Sources */ = {isa = PBXBuildFile; fileRef = 4CFB9D5320C048D40048BB16 /* Stack.swift */; };
		4CFB9E0020C062FF0048BB16 /* Stack.swift in Sources */ = {isa = PBXBuildFile; fileRef = 4CFB9D5320C048D40048BB16 /* Stack.swift */; };
		4CFB9E0120C063030048BB16 /* StringExt.swift in Sources */ = {isa = PBXBuildFile; fileRef = 4CFB9D5520C048D40048BB16 /* StringExt.swift */; };
		4CFB9E0220C063050048BB16 /* StringExt.swift in Sources */ = {isa = PBXBuildFile; fileRef = 4CFB9D5520C048D40048BB16 /* StringExt.swift */; };
		4CFB9E0320C063090048BB16 /* BinaryIntegerExt.swift in Sources */ = {isa = PBXBuildFile; fileRef = 4CFB9D5420C048D40048BB16 /* BinaryIntegerExt.swift */; };
		4CFB9E0420C0630C0048BB16 /* Random.swift in Sources */ = {isa = PBXBuildFile; fileRef = 4CFB9D5220C048D40048BB16 /* Random.swift */; };
/* End PBXBuildFile section */

/* Begin PBXContainerItemProxy section */
		4CFB9D7E20C049810048BB16 /* PBXContainerItemProxy */ = {
			isa = PBXContainerItemProxy;
			containerPortal = 4CFB9D4B20C048B20048BB16 /* Project object */;
			proxyType = 1;
			remoteGlobalIDString = 4CFB9D7320C049800048BB16;
			remoteInfo = EssentialsMacOS;
		};
		4CFB9D9A20C0499F0048BB16 /* PBXContainerItemProxy */ = {
			isa = PBXContainerItemProxy;
			containerPortal = 4CFB9D4B20C048B20048BB16 /* Project object */;
			proxyType = 1;
			remoteGlobalIDString = 4CFB9D8F20C0499F0048BB16;
			remoteInfo = EssentialsiOS;
		};
/* End PBXContainerItemProxy section */

/* Begin PBXFileReference section */
		4C74BE6C20DD406700F765C8 /* Bool.swift */ = {isa = PBXFileReference; lastKnownFileType = sourcecode.swift; path = Bool.swift; sourceTree = "<group>"; };
		4C74BE7020DD411800F765C8 /* BoolTests.swift */ = {isa = PBXFileReference; lastKnownFileType = sourcecode.swift; path = BoolTests.swift; sourceTree = "<group>"; };
		4CF2EC5420D20ED100A9F68A /* Relation.swift */ = {isa = PBXFileReference; lastKnownFileType = sourcecode.swift; path = Relation.swift; sourceTree = "<group>"; };
		4CFB9D5220C048D40048BB16 /* Random.swift */ = {isa = PBXFileReference; lastKnownFileType = sourcecode.swift; path = Random.swift; sourceTree = "<group>"; };
		4CFB9D5320C048D40048BB16 /* Stack.swift */ = {isa = PBXFileReference; lastKnownFileType = sourcecode.swift; path = Stack.swift; sourceTree = "<group>"; };
		4CFB9D5420C048D40048BB16 /* BinaryIntegerExt.swift */ = {isa = PBXFileReference; lastKnownFileType = sourcecode.swift; path = BinaryIntegerExt.swift; sourceTree = "<group>"; };
		4CFB9D5520C048D40048BB16 /* StringExt.swift */ = {isa = PBXFileReference; lastKnownFileType = sourcecode.swift; path = StringExt.swift; sourceTree = "<group>"; };
		4CFB9D5A20C0490F0048BB16 /* EssentialsTests.xctest */ = {isa = PBXFileReference; explicitFileType = wrapper.cfbundle; includeInIndex = 0; path = EssentialsTests.xctest; sourceTree = BUILT_PRODUCTS_DIR; };
		4CFB9D5D20C0490F0048BB16 /* EssentialsTests.swift */ = {isa = PBXFileReference; lastKnownFileType = sourcecode.swift; path = EssentialsTests.swift; sourceTree = "<group>"; };
		4CFB9D5F20C0490F0048BB16 /* Info.plist */ = {isa = PBXFileReference; lastKnownFileType = text.plist.xml; path = Info.plist; sourceTree = "<group>"; };
		4CFB9D6320C0491D0048BB16 /* StackTests.swift */ = {isa = PBXFileReference; fileEncoding = 4; lastKnownFileType = sourcecode.swift; path = StackTests.swift; sourceTree = "<group>"; };
		4CFB9D6420C0491D0048BB16 /* BinaryIntegerExtTests.swift */ = {isa = PBXFileReference; fileEncoding = 4; lastKnownFileType = sourcecode.swift; path = BinaryIntegerExtTests.swift; sourceTree = "<group>"; };
		4CFB9D6520C0491D0048BB16 /* StringExtTests.swift */ = {isa = PBXFileReference; fileEncoding = 4; lastKnownFileType = sourcecode.swift; path = StringExtTests.swift; sourceTree = "<group>"; };
		4CFB9D6620C0491D0048BB16 /* RandomTests.swift */ = {isa = PBXFileReference; fileEncoding = 4; lastKnownFileType = sourcecode.swift; path = RandomTests.swift; sourceTree = "<group>"; };
		4CFB9D7420C049800048BB16 /* EssentialsMacOS.framework */ = {isa = PBXFileReference; explicitFileType = wrapper.framework; includeInIndex = 0; path = EssentialsMacOS.framework; sourceTree = BUILT_PRODUCTS_DIR; };
		4CFB9D7620C049810048BB16 /* EssentialsMacOS.h */ = {isa = PBXFileReference; lastKnownFileType = sourcecode.c.h; path = EssentialsMacOS.h; sourceTree = "<group>"; };
		4CFB9D7720C049810048BB16 /* Info.plist */ = {isa = PBXFileReference; lastKnownFileType = text.plist.xml; path = Info.plist; sourceTree = "<group>"; };
		4CFB9D7C20C049810048BB16 /* EssentialsMacOSTests.xctest */ = {isa = PBXFileReference; explicitFileType = wrapper.cfbundle; includeInIndex = 0; path = EssentialsMacOSTests.xctest; sourceTree = BUILT_PRODUCTS_DIR; };
		4CFB9D8120C049810048BB16 /* EssentialsMacOSTests.swift */ = {isa = PBXFileReference; lastKnownFileType = sourcecode.swift; path = EssentialsMacOSTests.swift; sourceTree = "<group>"; };
		4CFB9D8320C049810048BB16 /* Info.plist */ = {isa = PBXFileReference; lastKnownFileType = text.plist.xml; path = Info.plist; sourceTree = "<group>"; };
		4CFB9D9020C0499F0048BB16 /* EssentialsiOS.framework */ = {isa = PBXFileReference; explicitFileType = wrapper.framework; includeInIndex = 0; path = EssentialsiOS.framework; sourceTree = BUILT_PRODUCTS_DIR; };
		4CFB9D9220C0499F0048BB16 /* EssentialsiOS.h */ = {isa = PBXFileReference; lastKnownFileType = sourcecode.c.h; path = EssentialsiOS.h; sourceTree = "<group>"; };
		4CFB9D9320C0499F0048BB16 /* Info.plist */ = {isa = PBXFileReference; lastKnownFileType = text.plist.xml; path = Info.plist; sourceTree = "<group>"; };
		4CFB9D9820C0499F0048BB16 /* EssentialsiOSTests.xctest */ = {isa = PBXFileReference; explicitFileType = wrapper.cfbundle; includeInIndex = 0; path = EssentialsiOSTests.xctest; sourceTree = BUILT_PRODUCTS_DIR; };
		4CFB9D9D20C0499F0048BB16 /* EssentialsiOSTests.swift */ = {isa = PBXFileReference; lastKnownFileType = sourcecode.swift; path = EssentialsiOSTests.swift; sourceTree = "<group>"; };
		4CFB9D9F20C0499F0048BB16 /* Info.plist */ = {isa = PBXFileReference; lastKnownFileType = text.plist.xml; path = Info.plist; sourceTree = "<group>"; };
/* End PBXFileReference section */

/* Begin PBXFrameworksBuildPhase section */
		4CFB9D5720C0490F0048BB16 /* Frameworks */ = {
			isa = PBXFrameworksBuildPhase;
			buildActionMask = 2147483647;
			files = (
			);
			runOnlyForDeploymentPostprocessing = 0;
		};
		4CFB9D7020C049800048BB16 /* Frameworks */ = {
			isa = PBXFrameworksBuildPhase;
			buildActionMask = 2147483647;
			files = (
			);
			runOnlyForDeploymentPostprocessing = 0;
		};
		4CFB9D7920C049810048BB16 /* Frameworks */ = {
			isa = PBXFrameworksBuildPhase;
			buildActionMask = 2147483647;
			files = (
				4CFB9D7D20C049810048BB16 /* EssentialsMacOS.framework in Frameworks */,
			);
			runOnlyForDeploymentPostprocessing = 0;
		};
		4CFB9D8C20C0499F0048BB16 /* Frameworks */ = {
			isa = PBXFrameworksBuildPhase;
			buildActionMask = 2147483647;
			files = (
			);
			runOnlyForDeploymentPostprocessing = 0;
		};
		4CFB9D9520C0499F0048BB16 /* Frameworks */ = {
			isa = PBXFrameworksBuildPhase;
			buildActionMask = 2147483647;
			files = (
				4CFB9D9920C0499F0048BB16 /* EssentialsiOS.framework in Frameworks */,
			);
			runOnlyForDeploymentPostprocessing = 0;
		};
/* End PBXFrameworksBuildPhase section */

/* Begin PBXGroup section */
		4CFB9D4A20C048B20048BB16 = {
			isa = PBXGroup;
			children = (
				4CFB9D5120C048BD0048BB16 /* Essentials */,
				4CFB9D5C20C0490F0048BB16 /* EssentialsTests */,
				4CFB9D7520C049810048BB16 /* EssentialsMacOS */,
				4CFB9D8020C049810048BB16 /* EssentialsMacOSTests */,
				4CFB9D9120C0499F0048BB16 /* EssentialsiOS */,
				4CFB9D9C20C0499F0048BB16 /* EssentialsiOSTests */,
				4CFB9D5B20C0490F0048BB16 /* Products */,
			);
			sourceTree = "<group>";
		};
		4CFB9D5120C048BD0048BB16 /* Essentials */ = {
			isa = PBXGroup;
			children = (
				4CFB9D5420C048D40048BB16 /* BinaryIntegerExt.swift */,
				4C74BE6C20DD406700F765C8 /* Bool.swift */,
				4CFB9D5220C048D40048BB16 /* Random.swift */,
				4CF2EC5420D20ED100A9F68A /* Relation.swift */,
				4CFB9D5320C048D40048BB16 /* Stack.swift */,
				4CFB9D5520C048D40048BB16 /* StringExt.swift */,
			);
			path = Essentials;
			sourceTree = "<group>";
		};
		4CFB9D5B20C0490F0048BB16 /* Products */ = {
			isa = PBXGroup;
			children = (
				4CFB9D5A20C0490F0048BB16 /* EssentialsTests.xctest */,
				4CFB9D7420C049800048BB16 /* EssentialsMacOS.framework */,
				4CFB9D7C20C049810048BB16 /* EssentialsMacOSTests.xctest */,
				4CFB9D9020C0499F0048BB16 /* EssentialsiOS.framework */,
				4CFB9D9820C0499F0048BB16 /* EssentialsiOSTests.xctest */,
			);
			name = Products;
			sourceTree = "<group>";
		};
		4CFB9D5C20C0490F0048BB16 /* EssentialsTests */ = {
			isa = PBXGroup;
			children = (
				4CFB9D5D20C0490F0048BB16 /* EssentialsTests.swift */,
				4CFB9D6420C0491D0048BB16 /* BinaryIntegerExtTests.swift */,
				4C74BE7020DD411800F765C8 /* BoolTests.swift */,
				4CFB9D6620C0491D0048BB16 /* RandomTests.swift */,
				4CFB9D6320C0491D0048BB16 /* StackTests.swift */,
				4CFB9D6520C0491D0048BB16 /* StringExtTests.swift */,
				4CFB9D5F20C0490F0048BB16 /* Info.plist */,
			);
			path = EssentialsTests;
			sourceTree = "<group>";
		};
		4CFB9D7520C049810048BB16 /* EssentialsMacOS */ = {
			isa = PBXGroup;
			children = (
				4CFB9D7620C049810048BB16 /* EssentialsMacOS.h */,
				4CFB9D7720C049810048BB16 /* Info.plist */,
			);
			path = EssentialsMacOS;
			sourceTree = "<group>";
		};
		4CFB9D8020C049810048BB16 /* EssentialsMacOSTests */ = {
			isa = PBXGroup;
			children = (
				4CFB9D8120C049810048BB16 /* EssentialsMacOSTests.swift */,
				4CFB9D8320C049810048BB16 /* Info.plist */,
			);
			path = EssentialsMacOSTests;
			sourceTree = "<group>";
		};
		4CFB9D9120C0499F0048BB16 /* EssentialsiOS */ = {
			isa = PBXGroup;
			children = (
				4CFB9D9220C0499F0048BB16 /* EssentialsiOS.h */,
				4CFB9D9320C0499F0048BB16 /* Info.plist */,
			);
			path = EssentialsiOS;
			sourceTree = "<group>";
		};
		4CFB9D9C20C0499F0048BB16 /* EssentialsiOSTests */ = {
			isa = PBXGroup;
			children = (
				4CFB9D9D20C0499F0048BB16 /* EssentialsiOSTests.swift */,
				4CFB9D9F20C0499F0048BB16 /* Info.plist */,
			);
			path = EssentialsiOSTests;
			sourceTree = "<group>";
		};
/* End PBXGroup section */

/* Begin PBXHeadersBuildPhase section */
		4CFB9D7120C049800048BB16 /* Headers */ = {
			isa = PBXHeadersBuildPhase;
			buildActionMask = 2147483647;
			files = (
				4CFB9D8420C049810048BB16 /* EssentialsMacOS.h in Headers */,
			);
			runOnlyForDeploymentPostprocessing = 0;
		};
		4CFB9D8D20C0499F0048BB16 /* Headers */ = {
			isa = PBXHeadersBuildPhase;
			buildActionMask = 2147483647;
			files = (
				4CFB9DA020C0499F0048BB16 /* EssentialsiOS.h in Headers */,
			);
			runOnlyForDeploymentPostprocessing = 0;
		};
/* End PBXHeadersBuildPhase section */

/* Begin PBXNativeTarget section */
		4CFB9D5920C0490F0048BB16 /* EssentialsTests */ = {
			isa = PBXNativeTarget;
			buildConfigurationList = 4CFB9D6020C0490F0048BB16 /* Build configuration list for PBXNativeTarget "EssentialsTests" */;
			buildPhases = (
				4CFB9D5620C0490F0048BB16 /* Sources */,
				4CFB9D5720C0490F0048BB16 /* Frameworks */,
				4CFB9D5820C0490F0048BB16 /* Resources */,
			);
			buildRules = (
			);
			dependencies = (
			);
			name = EssentialsTests;
			productName = EssentialsTests;
			productReference = 4CFB9D5A20C0490F0048BB16 /* EssentialsTests.xctest */;
			productType = "com.apple.product-type.bundle.unit-test";
		};
		4CFB9D7320C049800048BB16 /* EssentialsMacOS */ = {
			isa = PBXNativeTarget;
			buildConfigurationList = 4CFB9D8520C049810048BB16 /* Build configuration list for PBXNativeTarget "EssentialsMacOS" */;
			buildPhases = (
				4CFB9D6F20C049800048BB16 /* Sources */,
				4CFB9D7020C049800048BB16 /* Frameworks */,
				4CFB9D7120C049800048BB16 /* Headers */,
				4CFB9D7220C049800048BB16 /* Resources */,
			);
			buildRules = (
			);
			dependencies = (
			);
			name = EssentialsMacOS;
			productName = EssentialsMacOS;
			productReference = 4CFB9D7420C049800048BB16 /* EssentialsMacOS.framework */;
			productType = "com.apple.product-type.framework";
		};
		4CFB9D7B20C049810048BB16 /* EssentialsMacOSTests */ = {
			isa = PBXNativeTarget;
			buildConfigurationList = 4CFB9D8820C049810048BB16 /* Build configuration list for PBXNativeTarget "EssentialsMacOSTests" */;
			buildPhases = (
				4CFB9D7820C049810048BB16 /* Sources */,
				4CFB9D7920C049810048BB16 /* Frameworks */,
				4CFB9D7A20C049810048BB16 /* Resources */,
			);
			buildRules = (
			);
			dependencies = (
				4CFB9D7F20C049810048BB16 /* PBXTargetDependency */,
			);
			name = EssentialsMacOSTests;
			productName = EssentialsMacOSTests;
			productReference = 4CFB9D7C20C049810048BB16 /* EssentialsMacOSTests.xctest */;
			productType = "com.apple.product-type.bundle.unit-test";
		};
		4CFB9D8F20C0499F0048BB16 /* EssentialsiOS */ = {
			isa = PBXNativeTarget;
			buildConfigurationList = 4CFB9DA120C0499F0048BB16 /* Build configuration list for PBXNativeTarget "EssentialsiOS" */;
			buildPhases = (
				4CFB9D8B20C0499F0048BB16 /* Sources */,
				4CFB9D8C20C0499F0048BB16 /* Frameworks */,
				4CFB9D8D20C0499F0048BB16 /* Headers */,
				4CFB9D8E20C0499F0048BB16 /* Resources */,
			);
			buildRules = (
			);
			dependencies = (
			);
			name = EssentialsiOS;
			productName = EssentialsiOS;
			productReference = 4CFB9D9020C0499F0048BB16 /* EssentialsiOS.framework */;
			productType = "com.apple.product-type.framework";
		};
		4CFB9D9720C0499F0048BB16 /* EssentialsiOSTests */ = {
			isa = PBXNativeTarget;
			buildConfigurationList = 4CFB9DA420C0499F0048BB16 /* Build configuration list for PBXNativeTarget "EssentialsiOSTests" */;
			buildPhases = (
				4CFB9D9420C0499F0048BB16 /* Sources */,
				4CFB9D9520C0499F0048BB16 /* Frameworks */,
				4CFB9D9620C0499F0048BB16 /* Resources */,
			);
			buildRules = (
			);
			dependencies = (
				4CFB9D9B20C0499F0048BB16 /* PBXTargetDependency */,
			);
			name = EssentialsiOSTests;
			productName = EssentialsiOSTests;
			productReference = 4CFB9D9820C0499F0048BB16 /* EssentialsiOSTests.xctest */;
			productType = "com.apple.product-type.bundle.unit-test";
		};
/* End PBXNativeTarget section */

/* Begin PBXProject section */
		4CFB9D4B20C048B20048BB16 /* Project object */ = {
			isa = PBXProject;
			attributes = {
				LastSwiftUpdateCheck = 0940;
				LastUpgradeCheck = 0940;
				TargetAttributes = {
					4CFB9D5920C0490F0048BB16 = {
						CreatedOnToolsVersion = 9.4;
					};
					4CFB9D7320C049800048BB16 = {
						CreatedOnToolsVersion = 9.4;
					};
					4CFB9D7B20C049810048BB16 = {
						CreatedOnToolsVersion = 9.4;
					};
					4CFB9D8F20C0499F0048BB16 = {
						CreatedOnToolsVersion = 9.4;
					};
					4CFB9D9720C0499F0048BB16 = {
						CreatedOnToolsVersion = 9.4;
					};
				};
			};
			buildConfigurationList = 4CFB9D4E20C048B20048BB16 /* Build configuration list for PBXProject "Essentials" */;
			compatibilityVersion = "Xcode 9.3";
			developmentRegion = en;
			hasScannedForEncodings = 0;
			knownRegions = (
				en,
			);
			mainGroup = 4CFB9D4A20C048B20048BB16;
			productRefGroup = 4CFB9D5B20C0490F0048BB16 /* Products */;
			projectDirPath = "";
			projectRoot = "";
			targets = (
				4CFB9D5920C0490F0048BB16 /* EssentialsTests */,
				4CFB9D7320C049800048BB16 /* EssentialsMacOS */,
				4CFB9D7B20C049810048BB16 /* EssentialsMacOSTests */,
				4CFB9D8F20C0499F0048BB16 /* EssentialsiOS */,
				4CFB9D9720C0499F0048BB16 /* EssentialsiOSTests */,
			);
		};
/* End PBXProject section */

/* Begin PBXResourcesBuildPhase section */
		4CFB9D5820C0490F0048BB16 /* Resources */ = {
			isa = PBXResourcesBuildPhase;
			buildActionMask = 2147483647;
			files = (
			);
			runOnlyForDeploymentPostprocessing = 0;
		};
		4CFB9D7220C049800048BB16 /* Resources */ = {
			isa = PBXResourcesBuildPhase;
			buildActionMask = 2147483647;
			files = (
			);
			runOnlyForDeploymentPostprocessing = 0;
		};
		4CFB9D7A20C049810048BB16 /* Resources */ = {
			isa = PBXResourcesBuildPhase;
			buildActionMask = 2147483647;
			files = (
			);
			runOnlyForDeploymentPostprocessing = 0;
		};
		4CFB9D8E20C0499F0048BB16 /* Resources */ = {
			isa = PBXResourcesBuildPhase;
			buildActionMask = 2147483647;
			files = (
			);
			runOnlyForDeploymentPostprocessing = 0;
		};
		4CFB9D9620C0499F0048BB16 /* Resources */ = {
			isa = PBXResourcesBuildPhase;
			buildActionMask = 2147483647;
			files = (
			);
			runOnlyForDeploymentPostprocessing = 0;
		};
/* End PBXResourcesBuildPhase section */

/* Begin PBXSourcesBuildPhase section */
		4CFB9D5620C0490F0048BB16 /* Sources */ = {
			isa = PBXSourcesBuildPhase;
			buildActionMask = 2147483647;
			files = (
				4CFB9D6A20C0491D0048BB16 /* RandomTests.swift in Sources */,
				4CF2EC5520D20ED100A9F68A /* Relation.swift in Sources */,
				4CFB9D6720C0491D0048BB16 /* StackTests.swift in Sources */,
				4CFB9D6820C0491D0048BB16 /* BinaryIntegerExtTests.swift in Sources */,
				4C74BE6D20DD406700F765C8 /* Bool.swift in Sources */,
				4C74BE7120DD411800F765C8 /* BoolTests.swift in Sources */,
				4C15B73020CF09CD0082851A /* BinaryIntegerExt.swift in Sources */,
				4C15B73320CF09D90082851A /* StringExt.swift in Sources */,
				4C15B73220CF09D50082851A /* Stack.swift in Sources */,
				4CFB9D6920C0491D0048BB16 /* StringExtTests.swift in Sources */,
				4CFB9D5E20C0490F0048BB16 /* EssentialsTests.swift in Sources */,
				4C15B73120CF09D20082851A /* Random.swift in Sources */,
			);
			runOnlyForDeploymentPostprocessing = 0;
		};
		4CFB9D6F20C049800048BB16 /* Sources */ = {
			isa = PBXSourcesBuildPhase;
			buildActionMask = 2147483647;
			files = (
				4CFB9DFE20C062F80048BB16 /* Random.swift in Sources */,
				4CF2EC5620D20ED100A9F68A /* Relation.swift in Sources */,
				4CFB9DFF20C062FB0048BB16 /* Stack.swift in Sources */,
				4CFB9E0120C063030048BB16 /* StringExt.swift in Sources */,
				4CFB9DFD20C062F50048BB16 /* BinaryIntegerExt.swift in Sources */,
				4C74BE6E20DD409900F765C8 /* Bool.swift in Sources */,
			);
			runOnlyForDeploymentPostprocessing = 0;
		};
		4CFB9D7820C049810048BB16 /* Sources */ = {
			isa = PBXSourcesBuildPhase;
			buildActionMask = 2147483647;
			files = (
				4CFB9D8220C049810048BB16 /* EssentialsMacOSTests.swift in Sources */,
			);
			runOnlyForDeploymentPostprocessing = 0;
		};
		4CFB9D8B20C0499F0048BB16 /* Sources */ = {
			isa = PBXSourcesBuildPhase;
			buildActionMask = 2147483647;
			files = (
				4CFB9E0420C0630C0048BB16 /* Random.swift in Sources */,
				4CF2EC5720D20ED100A9F68A /* Relation.swift in Sources */,
				4CFB9E0020C062FF0048BB16 /* Stack.swift in Sources */,
				4CFB9E0320C063090048BB16 /* BinaryIntegerExt.swift in Sources */,
				4CFB9E0220C063050048BB16 /* StringExt.swift in Sources */,
				4C74BE6F20DD409A00F765C8 /* Bool.swift in Sources */,
			);
			runOnlyForDeploymentPostprocessing = 0;
		};
		4CFB9D9420C0499F0048BB16 /* Sources */ = {
			isa = PBXSourcesBuildPhase;
			buildActionMask = 2147483647;
			files = (
				4CFB9D9E20C0499F0048BB16 /* EssentialsiOSTests.swift in Sources */,
			);
			runOnlyForDeploymentPostprocessing = 0;
		};
/* End PBXSourcesBuildPhase section */

/* Begin PBXTargetDependency section */
		4CFB9D7F20C049810048BB16 /* PBXTargetDependency */ = {
			isa = PBXTargetDependency;
			target = 4CFB9D7320C049800048BB16 /* EssentialsMacOS */;
			targetProxy = 4CFB9D7E20C049810048BB16 /* PBXContainerItemProxy */;
		};
		4CFB9D9B20C0499F0048BB16 /* PBXTargetDependency */ = {
			isa = PBXTargetDependency;
			target = 4CFB9D8F20C0499F0048BB16 /* EssentialsiOS */;
			targetProxy = 4CFB9D9A20C0499F0048BB16 /* PBXContainerItemProxy */;
		};
/* End PBXTargetDependency section */

/* Begin XCBuildConfiguration section */
		4CFB9D4F20C048B20048BB16 /* Debug */ = {
			isa = XCBuildConfiguration;
			buildSettings = {
				IPHONEOS_DEPLOYMENT_TARGET = 9.0;
				MACOSX_DEPLOYMENT_TARGET = 10.9;
				SWIFT_VERSION = 4.0;
			};
			name = Debug;
		};
		4CFB9D5020C048B20048BB16 /* Release */ = {
			isa = XCBuildConfiguration;
			buildSettings = {
				IPHONEOS_DEPLOYMENT_TARGET = 9.0;
				MACOSX_DEPLOYMENT_TARGET = 10.9;
				SWIFT_VERSION = 4.0;
			};
			name = Release;
		};
		4CFB9D6120C0490F0048BB16 /* Debug */ = {
			isa = XCBuildConfiguration;
			buildSettings = {
				ALWAYS_SEARCH_USER_PATHS = NO;
				CLANG_ANALYZER_NONNULL = YES;
				CLANG_ANALYZER_NUMBER_OBJECT_CONVERSION = YES_AGGRESSIVE;
				CLANG_CXX_LANGUAGE_STANDARD = "gnu++14";
				CLANG_CXX_LIBRARY = "libc++";
				CLANG_ENABLE_MODULES = YES;
				CLANG_ENABLE_OBJC_ARC = YES;
				CLANG_ENABLE_OBJC_WEAK = YES;
				CLANG_WARN_BLOCK_CAPTURE_AUTORELEASING = YES;
				CLANG_WARN_BOOL_CONVERSION = YES;
				CLANG_WARN_COMMA = YES;
				CLANG_WARN_CONSTANT_CONVERSION = YES;
				CLANG_WARN_DEPRECATED_OBJC_IMPLEMENTATIONS = YES;
				CLANG_WARN_DIRECT_OBJC_ISA_USAGE = YES_ERROR;
				CLANG_WARN_DOCUMENTATION_COMMENTS = YES;
				CLANG_WARN_EMPTY_BODY = YES;
				CLANG_WARN_ENUM_CONVERSION = YES;
				CLANG_WARN_INFINITE_RECURSION = YES;
				CLANG_WARN_INT_CONVERSION = YES;
				CLANG_WARN_NON_LITERAL_NULL_CONVERSION = YES;
				CLANG_WARN_OBJC_IMPLICIT_RETAIN_SELF = YES;
				CLANG_WARN_OBJC_LITERAL_CONVERSION = YES;
				CLANG_WARN_OBJC_ROOT_CLASS = YES_ERROR;
				CLANG_WARN_RANGE_LOOP_ANALYSIS = YES;
				CLANG_WARN_STRICT_PROTOTYPES = YES;
				CLANG_WARN_SUSPICIOUS_MOVE = YES;
				CLANG_WARN_UNGUARDED_AVAILABILITY = YES_AGGRESSIVE;
				CLANG_WARN_UNREACHABLE_CODE = YES;
				CLANG_WARN__DUPLICATE_METHOD_MATCH = YES;
				CODE_SIGN_IDENTITY = "Mac Developer";
				CODE_SIGN_STYLE = Automatic;
				COMBINE_HIDPI_IMAGES = YES;
				COPY_PHASE_STRIP = NO;
				DEBUG_INFORMATION_FORMAT = dwarf;
				DEVELOPMENT_TEAM = 83A9Z5EMT8;
				ENABLE_STRICT_OBJC_MSGSEND = YES;
				ENABLE_TESTABILITY = YES;
				GCC_C_LANGUAGE_STANDARD = gnu11;
				GCC_DYNAMIC_NO_PIC = NO;
				GCC_NO_COMMON_BLOCKS = YES;
				GCC_OPTIMIZATION_LEVEL = 0;
				GCC_PREPROCESSOR_DEFINITIONS = (
					"DEBUG=1",
					"$(inherited)",
				);
				GCC_WARN_64_TO_32_BIT_CONVERSION = YES;
				GCC_WARN_ABOUT_RETURN_TYPE = YES_ERROR;
				GCC_WARN_UNDECLARED_SELECTOR = YES;
				GCC_WARN_UNINITIALIZED_AUTOS = YES_AGGRESSIVE;
				GCC_WARN_UNUSED_FUNCTION = YES;
				GCC_WARN_UNUSED_VARIABLE = YES;
				INFOPLIST_FILE = EssentialsTests/Info.plist;
				LD_RUNPATH_SEARCH_PATHS = (
					"$(inherited)",
					"@executable_path/../Frameworks",
					"@loader_path/../Frameworks",
				);
				MACOSX_DEPLOYMENT_TARGET = 10.13;
				MTL_ENABLE_DEBUG_INFO = YES;
				ONLY_ACTIVE_ARCH = YES;
				PRODUCT_BUNDLE_IDENTIFIER = willtyler.EssentialsTests;
				PRODUCT_NAME = "$(TARGET_NAME)";
				SDKROOT = macosx;
				SWIFT_ACTIVE_COMPILATION_CONDITIONS = DEBUG;
				SWIFT_OPTIMIZATION_LEVEL = "-Onone";
				SWIFT_VERSION = 4.0;
			};
			name = Debug;
		};
		4CFB9D6220C0490F0048BB16 /* Release */ = {
			isa = XCBuildConfiguration;
			buildSettings = {
				ALWAYS_SEARCH_USER_PATHS = NO;
				CLANG_ANALYZER_NONNULL = YES;
				CLANG_ANALYZER_NUMBER_OBJECT_CONVERSION = YES_AGGRESSIVE;
				CLANG_CXX_LANGUAGE_STANDARD = "gnu++14";
				CLANG_CXX_LIBRARY = "libc++";
				CLANG_ENABLE_MODULES = YES;
				CLANG_ENABLE_OBJC_ARC = YES;
				CLANG_ENABLE_OBJC_WEAK = YES;
				CLANG_WARN_BLOCK_CAPTURE_AUTORELEASING = YES;
				CLANG_WARN_BOOL_CONVERSION = YES;
				CLANG_WARN_COMMA = YES;
				CLANG_WARN_CONSTANT_CONVERSION = YES;
				CLANG_WARN_DEPRECATED_OBJC_IMPLEMENTATIONS = YES;
				CLANG_WARN_DIRECT_OBJC_ISA_USAGE = YES_ERROR;
				CLANG_WARN_DOCUMENTATION_COMMENTS = YES;
				CLANG_WARN_EMPTY_BODY = YES;
				CLANG_WARN_ENUM_CONVERSION = YES;
				CLANG_WARN_INFINITE_RECURSION = YES;
				CLANG_WARN_INT_CONVERSION = YES;
				CLANG_WARN_NON_LITERAL_NULL_CONVERSION = YES;
				CLANG_WARN_OBJC_IMPLICIT_RETAIN_SELF = YES;
				CLANG_WARN_OBJC_LITERAL_CONVERSION = YES;
				CLANG_WARN_OBJC_ROOT_CLASS = YES_ERROR;
				CLANG_WARN_RANGE_LOOP_ANALYSIS = YES;
				CLANG_WARN_STRICT_PROTOTYPES = YES;
				CLANG_WARN_SUSPICIOUS_MOVE = YES;
				CLANG_WARN_UNGUARDED_AVAILABILITY = YES_AGGRESSIVE;
				CLANG_WARN_UNREACHABLE_CODE = YES;
				CLANG_WARN__DUPLICATE_METHOD_MATCH = YES;
				CODE_SIGN_IDENTITY = "Mac Developer";
				CODE_SIGN_STYLE = Automatic;
				COMBINE_HIDPI_IMAGES = YES;
				COPY_PHASE_STRIP = NO;
				DEBUG_INFORMATION_FORMAT = "dwarf-with-dsym";
				DEVELOPMENT_TEAM = 83A9Z5EMT8;
				ENABLE_NS_ASSERTIONS = NO;
				ENABLE_STRICT_OBJC_MSGSEND = YES;
				GCC_C_LANGUAGE_STANDARD = gnu11;
				GCC_NO_COMMON_BLOCKS = YES;
				GCC_WARN_64_TO_32_BIT_CONVERSION = YES;
				GCC_WARN_ABOUT_RETURN_TYPE = YES_ERROR;
				GCC_WARN_UNDECLARED_SELECTOR = YES;
				GCC_WARN_UNINITIALIZED_AUTOS = YES_AGGRESSIVE;
				GCC_WARN_UNUSED_FUNCTION = YES;
				GCC_WARN_UNUSED_VARIABLE = YES;
				INFOPLIST_FILE = EssentialsTests/Info.plist;
				LD_RUNPATH_SEARCH_PATHS = (
					"$(inherited)",
					"@executable_path/../Frameworks",
					"@loader_path/../Frameworks",
				);
				MACOSX_DEPLOYMENT_TARGET = 10.13;
				MTL_ENABLE_DEBUG_INFO = NO;
				PRODUCT_BUNDLE_IDENTIFIER = willtyler.EssentialsTests;
				PRODUCT_NAME = "$(TARGET_NAME)";
				SDKROOT = macosx;
				SWIFT_COMPILATION_MODE = wholemodule;
				SWIFT_OPTIMIZATION_LEVEL = "-O";
				SWIFT_VERSION = 4.0;
			};
			name = Release;
		};
		4CFB9D8620C049810048BB16 /* Debug */ = {
			isa = XCBuildConfiguration;
			buildSettings = {
				ALWAYS_SEARCH_USER_PATHS = NO;
				APPLICATION_EXTENSION_API_ONLY = YES;
				CLANG_ANALYZER_NONNULL = YES;
				CLANG_ANALYZER_NUMBER_OBJECT_CONVERSION = YES_AGGRESSIVE;
				CLANG_CXX_LANGUAGE_STANDARD = "gnu++14";
				CLANG_CXX_LIBRARY = "libc++";
				CLANG_ENABLE_MODULES = YES;
				CLANG_ENABLE_OBJC_ARC = YES;
				CLANG_ENABLE_OBJC_WEAK = YES;
				CLANG_WARN_BLOCK_CAPTURE_AUTORELEASING = YES;
				CLANG_WARN_BOOL_CONVERSION = YES;
				CLANG_WARN_COMMA = YES;
				CLANG_WARN_CONSTANT_CONVERSION = YES;
				CLANG_WARN_DEPRECATED_OBJC_IMPLEMENTATIONS = YES;
				CLANG_WARN_DIRECT_OBJC_ISA_USAGE = YES_ERROR;
				CLANG_WARN_DOCUMENTATION_COMMENTS = YES;
				CLANG_WARN_EMPTY_BODY = YES;
				CLANG_WARN_ENUM_CONVERSION = YES;
				CLANG_WARN_INFINITE_RECURSION = YES;
				CLANG_WARN_INT_CONVERSION = YES;
				CLANG_WARN_NON_LITERAL_NULL_CONVERSION = YES;
				CLANG_WARN_OBJC_IMPLICIT_RETAIN_SELF = YES;
				CLANG_WARN_OBJC_LITERAL_CONVERSION = YES;
				CLANG_WARN_OBJC_ROOT_CLASS = YES_ERROR;
				CLANG_WARN_RANGE_LOOP_ANALYSIS = YES;
				CLANG_WARN_STRICT_PROTOTYPES = YES;
				CLANG_WARN_SUSPICIOUS_MOVE = YES;
				CLANG_WARN_UNGUARDED_AVAILABILITY = YES_AGGRESSIVE;
				CLANG_WARN_UNREACHABLE_CODE = YES;
				CLANG_WARN__DUPLICATE_METHOD_MATCH = YES;
				CODE_SIGN_IDENTITY = "Mac Developer";
				CODE_SIGN_STYLE = Automatic;
				COMBINE_HIDPI_IMAGES = YES;
				COPY_PHASE_STRIP = NO;
				CURRENT_PROJECT_VERSION = 1;
				DEBUG_INFORMATION_FORMAT = dwarf;
				DEFINES_MODULE = YES;
				DEVELOPMENT_TEAM = 83A9Z5EMT8;
				DYLIB_COMPATIBILITY_VERSION = 1;
				DYLIB_CURRENT_VERSION = 1;
				DYLIB_INSTALL_NAME_BASE = "@rpath";
				ENABLE_STRICT_OBJC_MSGSEND = YES;
				ENABLE_TESTABILITY = YES;
				FRAMEWORK_VERSION = A;
				GCC_C_LANGUAGE_STANDARD = gnu11;
				GCC_DYNAMIC_NO_PIC = NO;
				GCC_NO_COMMON_BLOCKS = YES;
				GCC_OPTIMIZATION_LEVEL = 0;
				GCC_PREPROCESSOR_DEFINITIONS = (
					"DEBUG=1",
					"$(inherited)",
				);
				GCC_WARN_64_TO_32_BIT_CONVERSION = YES;
				GCC_WARN_ABOUT_RETURN_TYPE = YES_ERROR;
				GCC_WARN_UNDECLARED_SELECTOR = YES;
				GCC_WARN_UNINITIALIZED_AUTOS = YES_AGGRESSIVE;
				GCC_WARN_UNUSED_FUNCTION = YES;
				GCC_WARN_UNUSED_VARIABLE = YES;
				INFOPLIST_FILE = EssentialsMacOS/Info.plist;
				INSTALL_PATH = "$(LOCAL_LIBRARY_DIR)/Frameworks";
				LD_RUNPATH_SEARCH_PATHS = (
					"$(inherited)",
					"@executable_path/../Frameworks",
					"@loader_path/Frameworks",
				);
				MACOSX_DEPLOYMENT_TARGET = 10.9;
				MTL_ENABLE_DEBUG_INFO = YES;
				ONLY_ACTIVE_ARCH = YES;
				PRODUCT_BUNDLE_IDENTIFIER = willtyler.EssentialsMacOS;
				PRODUCT_NAME = "$(TARGET_NAME:c99extidentifier)";
				SDKROOT = macosx;
				SKIP_INSTALL = YES;
				SWIFT_ACTIVE_COMPILATION_CONDITIONS = DEBUG;
				SWIFT_OPTIMIZATION_LEVEL = "-Onone";
				SWIFT_VERSION = 4.0;
				VERSIONING_SYSTEM = "apple-generic";
				VERSION_INFO_PREFIX = "";
			};
			name = Debug;
		};
		4CFB9D8720C049810048BB16 /* Release */ = {
			isa = XCBuildConfiguration;
			buildSettings = {
				ALWAYS_SEARCH_USER_PATHS = NO;
				APPLICATION_EXTENSION_API_ONLY = YES;
				CLANG_ANALYZER_NONNULL = YES;
				CLANG_ANALYZER_NUMBER_OBJECT_CONVERSION = YES_AGGRESSIVE;
				CLANG_CXX_LANGUAGE_STANDARD = "gnu++14";
				CLANG_CXX_LIBRARY = "libc++";
				CLANG_ENABLE_MODULES = YES;
				CLANG_ENABLE_OBJC_ARC = YES;
				CLANG_ENABLE_OBJC_WEAK = YES;
				CLANG_WARN_BLOCK_CAPTURE_AUTORELEASING = YES;
				CLANG_WARN_BOOL_CONVERSION = YES;
				CLANG_WARN_COMMA = YES;
				CLANG_WARN_CONSTANT_CONVERSION = YES;
				CLANG_WARN_DEPRECATED_OBJC_IMPLEMENTATIONS = YES;
				CLANG_WARN_DIRECT_OBJC_ISA_USAGE = YES_ERROR;
				CLANG_WARN_DOCUMENTATION_COMMENTS = YES;
				CLANG_WARN_EMPTY_BODY = YES;
				CLANG_WARN_ENUM_CONVERSION = YES;
				CLANG_WARN_INFINITE_RECURSION = YES;
				CLANG_WARN_INT_CONVERSION = YES;
				CLANG_WARN_NON_LITERAL_NULL_CONVERSION = YES;
				CLANG_WARN_OBJC_IMPLICIT_RETAIN_SELF = YES;
				CLANG_WARN_OBJC_LITERAL_CONVERSION = YES;
				CLANG_WARN_OBJC_ROOT_CLASS = YES_ERROR;
				CLANG_WARN_RANGE_LOOP_ANALYSIS = YES;
				CLANG_WARN_STRICT_PROTOTYPES = YES;
				CLANG_WARN_SUSPICIOUS_MOVE = YES;
				CLANG_WARN_UNGUARDED_AVAILABILITY = YES_AGGRESSIVE;
				CLANG_WARN_UNREACHABLE_CODE = YES;
				CLANG_WARN__DUPLICATE_METHOD_MATCH = YES;
				CODE_SIGN_IDENTITY = "Mac Developer";
				CODE_SIGN_STYLE = Automatic;
				COMBINE_HIDPI_IMAGES = YES;
				COPY_PHASE_STRIP = NO;
				CURRENT_PROJECT_VERSION = 1;
				DEBUG_INFORMATION_FORMAT = "dwarf-with-dsym";
				DEFINES_MODULE = YES;
				DEVELOPMENT_TEAM = 83A9Z5EMT8;
				DYLIB_COMPATIBILITY_VERSION = 1;
				DYLIB_CURRENT_VERSION = 1;
				DYLIB_INSTALL_NAME_BASE = "@rpath";
				ENABLE_NS_ASSERTIONS = NO;
				ENABLE_STRICT_OBJC_MSGSEND = YES;
				FRAMEWORK_VERSION = A;
				GCC_C_LANGUAGE_STANDARD = gnu11;
				GCC_NO_COMMON_BLOCKS = YES;
				GCC_WARN_64_TO_32_BIT_CONVERSION = YES;
				GCC_WARN_ABOUT_RETURN_TYPE = YES_ERROR;
				GCC_WARN_UNDECLARED_SELECTOR = YES;
				GCC_WARN_UNINITIALIZED_AUTOS = YES_AGGRESSIVE;
				GCC_WARN_UNUSED_FUNCTION = YES;
				GCC_WARN_UNUSED_VARIABLE = YES;
				INFOPLIST_FILE = EssentialsMacOS/Info.plist;
				INSTALL_PATH = "$(LOCAL_LIBRARY_DIR)/Frameworks";
				LD_RUNPATH_SEARCH_PATHS = (
					"$(inherited)",
					"@executable_path/../Frameworks",
					"@loader_path/Frameworks",
				);
				MACOSX_DEPLOYMENT_TARGET = 10.9;
				MTL_ENABLE_DEBUG_INFO = NO;
				PRODUCT_BUNDLE_IDENTIFIER = willtyler.EssentialsMacOS;
				PRODUCT_NAME = "$(TARGET_NAME:c99extidentifier)";
				SDKROOT = macosx;
				SKIP_INSTALL = YES;
				SWIFT_COMPILATION_MODE = wholemodule;
				SWIFT_OPTIMIZATION_LEVEL = "-O";
				SWIFT_VERSION = 4.0;
				VERSIONING_SYSTEM = "apple-generic";
				VERSION_INFO_PREFIX = "";
			};
			name = Release;
		};
		4CFB9D8920C049810048BB16 /* Debug */ = {
			isa = XCBuildConfiguration;
			buildSettings = {
				ALWAYS_EMBED_SWIFT_STANDARD_LIBRARIES = YES;
				ALWAYS_SEARCH_USER_PATHS = NO;
				CLANG_ANALYZER_NONNULL = YES;
				CLANG_ANALYZER_NUMBER_OBJECT_CONVERSION = YES_AGGRESSIVE;
				CLANG_CXX_LANGUAGE_STANDARD = "gnu++14";
				CLANG_CXX_LIBRARY = "libc++";
				CLANG_ENABLE_MODULES = YES;
				CLANG_ENABLE_OBJC_ARC = YES;
				CLANG_ENABLE_OBJC_WEAK = YES;
				CLANG_WARN_BLOCK_CAPTURE_AUTORELEASING = YES;
				CLANG_WARN_BOOL_CONVERSION = YES;
				CLANG_WARN_COMMA = YES;
				CLANG_WARN_CONSTANT_CONVERSION = YES;
				CLANG_WARN_DEPRECATED_OBJC_IMPLEMENTATIONS = YES;
				CLANG_WARN_DIRECT_OBJC_ISA_USAGE = YES_ERROR;
				CLANG_WARN_DOCUMENTATION_COMMENTS = YES;
				CLANG_WARN_EMPTY_BODY = YES;
				CLANG_WARN_ENUM_CONVERSION = YES;
				CLANG_WARN_INFINITE_RECURSION = YES;
				CLANG_WARN_INT_CONVERSION = YES;
				CLANG_WARN_NON_LITERAL_NULL_CONVERSION = YES;
				CLANG_WARN_OBJC_IMPLICIT_RETAIN_SELF = YES;
				CLANG_WARN_OBJC_LITERAL_CONVERSION = YES;
				CLANG_WARN_OBJC_ROOT_CLASS = YES_ERROR;
				CLANG_WARN_RANGE_LOOP_ANALYSIS = YES;
				CLANG_WARN_STRICT_PROTOTYPES = YES;
				CLANG_WARN_SUSPICIOUS_MOVE = YES;
				CLANG_WARN_UNGUARDED_AVAILABILITY = YES_AGGRESSIVE;
				CLANG_WARN_UNREACHABLE_CODE = YES;
				CLANG_WARN__DUPLICATE_METHOD_MATCH = YES;
				CODE_SIGN_IDENTITY = "Mac Developer";
				CODE_SIGN_STYLE = Automatic;
				COMBINE_HIDPI_IMAGES = YES;
				COPY_PHASE_STRIP = NO;
				DEBUG_INFORMATION_FORMAT = dwarf;
				DEVELOPMENT_TEAM = 83A9Z5EMT8;
				ENABLE_STRICT_OBJC_MSGSEND = YES;
				ENABLE_TESTABILITY = YES;
				GCC_C_LANGUAGE_STANDARD = gnu11;
				GCC_DYNAMIC_NO_PIC = NO;
				GCC_NO_COMMON_BLOCKS = YES;
				GCC_OPTIMIZATION_LEVEL = 0;
				GCC_PREPROCESSOR_DEFINITIONS = (
					"DEBUG=1",
					"$(inherited)",
				);
				GCC_WARN_64_TO_32_BIT_CONVERSION = YES;
				GCC_WARN_ABOUT_RETURN_TYPE = YES_ERROR;
				GCC_WARN_UNDECLARED_SELECTOR = YES;
				GCC_WARN_UNINITIALIZED_AUTOS = YES_AGGRESSIVE;
				GCC_WARN_UNUSED_FUNCTION = YES;
				GCC_WARN_UNUSED_VARIABLE = YES;
				INFOPLIST_FILE = EssentialsMacOSTests/Info.plist;
				LD_RUNPATH_SEARCH_PATHS = (
					"$(inherited)",
					"@executable_path/../Frameworks",
					"@loader_path/../Frameworks",
				);
				MACOSX_DEPLOYMENT_TARGET = 10.13;
				MTL_ENABLE_DEBUG_INFO = YES;
				ONLY_ACTIVE_ARCH = YES;
				PRODUCT_BUNDLE_IDENTIFIER = willtyler.EssentialsMacOSTests;
				PRODUCT_NAME = "$(TARGET_NAME)";
				SDKROOT = macosx;
				SWIFT_ACTIVE_COMPILATION_CONDITIONS = DEBUG;
				SWIFT_OPTIMIZATION_LEVEL = "-Onone";
				SWIFT_VERSION = 4.0;
			};
			name = Debug;
		};
		4CFB9D8A20C049810048BB16 /* Release */ = {
			isa = XCBuildConfiguration;
			buildSettings = {
				ALWAYS_EMBED_SWIFT_STANDARD_LIBRARIES = YES;
				ALWAYS_SEARCH_USER_PATHS = NO;
				CLANG_ANALYZER_NONNULL = YES;
				CLANG_ANALYZER_NUMBER_OBJECT_CONVERSION = YES_AGGRESSIVE;
				CLANG_CXX_LANGUAGE_STANDARD = "gnu++14";
				CLANG_CXX_LIBRARY = "libc++";
				CLANG_ENABLE_MODULES = YES;
				CLANG_ENABLE_OBJC_ARC = YES;
				CLANG_ENABLE_OBJC_WEAK = YES;
				CLANG_WARN_BLOCK_CAPTURE_AUTORELEASING = YES;
				CLANG_WARN_BOOL_CONVERSION = YES;
				CLANG_WARN_COMMA = YES;
				CLANG_WARN_CONSTANT_CONVERSION = YES;
				CLANG_WARN_DEPRECATED_OBJC_IMPLEMENTATIONS = YES;
				CLANG_WARN_DIRECT_OBJC_ISA_USAGE = YES_ERROR;
				CLANG_WARN_DOCUMENTATION_COMMENTS = YES;
				CLANG_WARN_EMPTY_BODY = YES;
				CLANG_WARN_ENUM_CONVERSION = YES;
				CLANG_WARN_INFINITE_RECURSION = YES;
				CLANG_WARN_INT_CONVERSION = YES;
				CLANG_WARN_NON_LITERAL_NULL_CONVERSION = YES;
				CLANG_WARN_OBJC_IMPLICIT_RETAIN_SELF = YES;
				CLANG_WARN_OBJC_LITERAL_CONVERSION = YES;
				CLANG_WARN_OBJC_ROOT_CLASS = YES_ERROR;
				CLANG_WARN_RANGE_LOOP_ANALYSIS = YES;
				CLANG_WARN_STRICT_PROTOTYPES = YES;
				CLANG_WARN_SUSPICIOUS_MOVE = YES;
				CLANG_WARN_UNGUARDED_AVAILABILITY = YES_AGGRESSIVE;
				CLANG_WARN_UNREACHABLE_CODE = YES;
				CLANG_WARN__DUPLICATE_METHOD_MATCH = YES;
				CODE_SIGN_IDENTITY = "Mac Developer";
				CODE_SIGN_STYLE = Automatic;
				COMBINE_HIDPI_IMAGES = YES;
				COPY_PHASE_STRIP = NO;
				DEBUG_INFORMATION_FORMAT = "dwarf-with-dsym";
				DEVELOPMENT_TEAM = 83A9Z5EMT8;
				ENABLE_NS_ASSERTIONS = NO;
				ENABLE_STRICT_OBJC_MSGSEND = YES;
				GCC_C_LANGUAGE_STANDARD = gnu11;
				GCC_NO_COMMON_BLOCKS = YES;
				GCC_WARN_64_TO_32_BIT_CONVERSION = YES;
				GCC_WARN_ABOUT_RETURN_TYPE = YES_ERROR;
				GCC_WARN_UNDECLARED_SELECTOR = YES;
				GCC_WARN_UNINITIALIZED_AUTOS = YES_AGGRESSIVE;
				GCC_WARN_UNUSED_FUNCTION = YES;
				GCC_WARN_UNUSED_VARIABLE = YES;
				INFOPLIST_FILE = EssentialsMacOSTests/Info.plist;
				LD_RUNPATH_SEARCH_PATHS = (
					"$(inherited)",
					"@executable_path/../Frameworks",
					"@loader_path/../Frameworks",
				);
				MACOSX_DEPLOYMENT_TARGET = 10.13;
				MTL_ENABLE_DEBUG_INFO = NO;
				PRODUCT_BUNDLE_IDENTIFIER = willtyler.EssentialsMacOSTests;
				PRODUCT_NAME = "$(TARGET_NAME)";
				SDKROOT = macosx;
				SWIFT_COMPILATION_MODE = wholemodule;
				SWIFT_OPTIMIZATION_LEVEL = "-O";
				SWIFT_VERSION = 4.0;
			};
			name = Release;
		};
		4CFB9DA220C0499F0048BB16 /* Debug */ = {
			isa = XCBuildConfiguration;
			buildSettings = {
				ALWAYS_SEARCH_USER_PATHS = NO;
				APPLICATION_EXTENSION_API_ONLY = YES;
				CLANG_ANALYZER_NONNULL = YES;
				CLANG_ANALYZER_NUMBER_OBJECT_CONVERSION = YES_AGGRESSIVE;
				CLANG_CXX_LANGUAGE_STANDARD = "gnu++14";
				CLANG_CXX_LIBRARY = "libc++";
				CLANG_ENABLE_MODULES = YES;
				CLANG_ENABLE_OBJC_ARC = YES;
				CLANG_ENABLE_OBJC_WEAK = YES;
				CLANG_WARN_BLOCK_CAPTURE_AUTORELEASING = YES;
				CLANG_WARN_BOOL_CONVERSION = YES;
				CLANG_WARN_COMMA = YES;
				CLANG_WARN_CONSTANT_CONVERSION = YES;
				CLANG_WARN_DEPRECATED_OBJC_IMPLEMENTATIONS = YES;
				CLANG_WARN_DIRECT_OBJC_ISA_USAGE = YES_ERROR;
				CLANG_WARN_DOCUMENTATION_COMMENTS = YES;
				CLANG_WARN_EMPTY_BODY = YES;
				CLANG_WARN_ENUM_CONVERSION = YES;
				CLANG_WARN_INFINITE_RECURSION = YES;
				CLANG_WARN_INT_CONVERSION = YES;
				CLANG_WARN_NON_LITERAL_NULL_CONVERSION = YES;
				CLANG_WARN_OBJC_IMPLICIT_RETAIN_SELF = YES;
				CLANG_WARN_OBJC_LITERAL_CONVERSION = YES;
				CLANG_WARN_OBJC_ROOT_CLASS = YES_ERROR;
				CLANG_WARN_RANGE_LOOP_ANALYSIS = YES;
				CLANG_WARN_STRICT_PROTOTYPES = YES;
				CLANG_WARN_SUSPICIOUS_MOVE = YES;
				CLANG_WARN_UNGUARDED_AVAILABILITY = YES_AGGRESSIVE;
				CLANG_WARN_UNREACHABLE_CODE = YES;
				CLANG_WARN__DUPLICATE_METHOD_MATCH = YES;
				CODE_SIGN_IDENTITY = "iPhone Developer";
				CODE_SIGN_STYLE = Automatic;
				COPY_PHASE_STRIP = NO;
				CURRENT_PROJECT_VERSION = 1;
				DEBUG_INFORMATION_FORMAT = dwarf;
				DEFINES_MODULE = YES;
				DEVELOPMENT_TEAM = 83A9Z5EMT8;
				DYLIB_COMPATIBILITY_VERSION = 1;
				DYLIB_CURRENT_VERSION = 1;
				DYLIB_INSTALL_NAME_BASE = "@rpath";
				ENABLE_STRICT_OBJC_MSGSEND = YES;
				ENABLE_TESTABILITY = YES;
				GCC_C_LANGUAGE_STANDARD = gnu11;
				GCC_DYNAMIC_NO_PIC = NO;
				GCC_NO_COMMON_BLOCKS = YES;
				GCC_OPTIMIZATION_LEVEL = 0;
				GCC_PREPROCESSOR_DEFINITIONS = (
					"DEBUG=1",
					"$(inherited)",
				);
				GCC_WARN_64_TO_32_BIT_CONVERSION = YES;
				GCC_WARN_ABOUT_RETURN_TYPE = YES_ERROR;
				GCC_WARN_UNDECLARED_SELECTOR = YES;
				GCC_WARN_UNINITIALIZED_AUTOS = YES_AGGRESSIVE;
				GCC_WARN_UNUSED_FUNCTION = YES;
				GCC_WARN_UNUSED_VARIABLE = YES;
				INFOPLIST_FILE = EssentialsiOS/Info.plist;
				INSTALL_PATH = "$(LOCAL_LIBRARY_DIR)/Frameworks";
				IPHONEOS_DEPLOYMENT_TARGET = 11.0;
				LD_RUNPATH_SEARCH_PATHS = (
					"$(inherited)",
					"@executable_path/Frameworks",
					"@loader_path/Frameworks",
				);
				MTL_ENABLE_DEBUG_INFO = YES;
				ONLY_ACTIVE_ARCH = YES;
				PRODUCT_BUNDLE_IDENTIFIER = willtyler.EssentialsiOS;
				PRODUCT_NAME = "$(TARGET_NAME:c99extidentifier)";
				SDKROOT = iphoneos;
				SKIP_INSTALL = YES;
				SWIFT_ACTIVE_COMPILATION_CONDITIONS = DEBUG;
				SWIFT_OPTIMIZATION_LEVEL = "-Onone";
				SWIFT_VERSION = 4.0;
				TARGETED_DEVICE_FAMILY = "1,2";
				VERSIONING_SYSTEM = "apple-generic";
				VERSION_INFO_PREFIX = "";
			};
			name = Debug;
		};
		4CFB9DA320C0499F0048BB16 /* Release */ = {
			isa = XCBuildConfiguration;
			buildSettings = {
				ALWAYS_SEARCH_USER_PATHS = NO;
				APPLICATION_EXTENSION_API_ONLY = YES;
				CLANG_ANALYZER_NONNULL = YES;
				CLANG_ANALYZER_NUMBER_OBJECT_CONVERSION = YES_AGGRESSIVE;
				CLANG_CXX_LANGUAGE_STANDARD = "gnu++14";
				CLANG_CXX_LIBRARY = "libc++";
				CLANG_ENABLE_MODULES = YES;
				CLANG_ENABLE_OBJC_ARC = YES;
				CLANG_ENABLE_OBJC_WEAK = YES;
				CLANG_WARN_BLOCK_CAPTURE_AUTORELEASING = YES;
				CLANG_WARN_BOOL_CONVERSION = YES;
				CLANG_WARN_COMMA = YES;
				CLANG_WARN_CONSTANT_CONVERSION = YES;
				CLANG_WARN_DEPRECATED_OBJC_IMPLEMENTATIONS = YES;
				CLANG_WARN_DIRECT_OBJC_ISA_USAGE = YES_ERROR;
				CLANG_WARN_DOCUMENTATION_COMMENTS = YES;
				CLANG_WARN_EMPTY_BODY = YES;
				CLANG_WARN_ENUM_CONVERSION = YES;
				CLANG_WARN_INFINITE_RECURSION = YES;
				CLANG_WARN_INT_CONVERSION = YES;
				CLANG_WARN_NON_LITERAL_NULL_CONVERSION = YES;
				CLANG_WARN_OBJC_IMPLICIT_RETAIN_SELF = YES;
				CLANG_WARN_OBJC_LITERAL_CONVERSION = YES;
				CLANG_WARN_OBJC_ROOT_CLASS = YES_ERROR;
				CLANG_WARN_RANGE_LOOP_ANALYSIS = YES;
				CLANG_WARN_STRICT_PROTOTYPES = YES;
				CLANG_WARN_SUSPICIOUS_MOVE = YES;
				CLANG_WARN_UNGUARDED_AVAILABILITY = YES_AGGRESSIVE;
				CLANG_WARN_UNREACHABLE_CODE = YES;
				CLANG_WARN__DUPLICATE_METHOD_MATCH = YES;
				CODE_SIGN_IDENTITY = "iPhone Developer";
				CODE_SIGN_STYLE = Automatic;
				COPY_PHASE_STRIP = NO;
				CURRENT_PROJECT_VERSION = 1;
				DEBUG_INFORMATION_FORMAT = "dwarf-with-dsym";
				DEFINES_MODULE = YES;
				DEVELOPMENT_TEAM = 83A9Z5EMT8;
				DYLIB_COMPATIBILITY_VERSION = 1;
				DYLIB_CURRENT_VERSION = 1;
				DYLIB_INSTALL_NAME_BASE = "@rpath";
				ENABLE_NS_ASSERTIONS = NO;
				ENABLE_STRICT_OBJC_MSGSEND = YES;
				GCC_C_LANGUAGE_STANDARD = gnu11;
				GCC_NO_COMMON_BLOCKS = YES;
				GCC_WARN_64_TO_32_BIT_CONVERSION = YES;
				GCC_WARN_ABOUT_RETURN_TYPE = YES_ERROR;
				GCC_WARN_UNDECLARED_SELECTOR = YES;
				GCC_WARN_UNINITIALIZED_AUTOS = YES_AGGRESSIVE;
				GCC_WARN_UNUSED_FUNCTION = YES;
				GCC_WARN_UNUSED_VARIABLE = YES;
				INFOPLIST_FILE = EssentialsiOS/Info.plist;
				INSTALL_PATH = "$(LOCAL_LIBRARY_DIR)/Frameworks";
				IPHONEOS_DEPLOYMENT_TARGET = 11.0;
				LD_RUNPATH_SEARCH_PATHS = (
					"$(inherited)",
					"@executable_path/Frameworks",
					"@loader_path/Frameworks",
				);
				MTL_ENABLE_DEBUG_INFO = NO;
				PRODUCT_BUNDLE_IDENTIFIER = willtyler.EssentialsiOS;
				PRODUCT_NAME = "$(TARGET_NAME:c99extidentifier)";
				SDKROOT = iphoneos;
				SKIP_INSTALL = YES;
				SWIFT_COMPILATION_MODE = wholemodule;
				SWIFT_OPTIMIZATION_LEVEL = "-O";
				SWIFT_VERSION = 4.0;
				TARGETED_DEVICE_FAMILY = "1,2";
				VALIDATE_PRODUCT = YES;
				VERSIONING_SYSTEM = "apple-generic";
				VERSION_INFO_PREFIX = "";
			};
			name = Release;
		};
		4CFB9DA520C0499F0048BB16 /* Debug */ = {
			isa = XCBuildConfiguration;
			buildSettings = {
				ALWAYS_EMBED_SWIFT_STANDARD_LIBRARIES = YES;
				ALWAYS_SEARCH_USER_PATHS = NO;
				CLANG_ANALYZER_NONNULL = YES;
				CLANG_ANALYZER_NUMBER_OBJECT_CONVERSION = YES_AGGRESSIVE;
				CLANG_CXX_LANGUAGE_STANDARD = "gnu++14";
				CLANG_CXX_LIBRARY = "libc++";
				CLANG_ENABLE_MODULES = YES;
				CLANG_ENABLE_OBJC_ARC = YES;
				CLANG_ENABLE_OBJC_WEAK = YES;
				CLANG_WARN_BLOCK_CAPTURE_AUTORELEASING = YES;
				CLANG_WARN_BOOL_CONVERSION = YES;
				CLANG_WARN_COMMA = YES;
				CLANG_WARN_CONSTANT_CONVERSION = YES;
				CLANG_WARN_DEPRECATED_OBJC_IMPLEMENTATIONS = YES;
				CLANG_WARN_DIRECT_OBJC_ISA_USAGE = YES_ERROR;
				CLANG_WARN_DOCUMENTATION_COMMENTS = YES;
				CLANG_WARN_EMPTY_BODY = YES;
				CLANG_WARN_ENUM_CONVERSION = YES;
				CLANG_WARN_INFINITE_RECURSION = YES;
				CLANG_WARN_INT_CONVERSION = YES;
				CLANG_WARN_NON_LITERAL_NULL_CONVERSION = YES;
				CLANG_WARN_OBJC_IMPLICIT_RETAIN_SELF = YES;
				CLANG_WARN_OBJC_LITERAL_CONVERSION = YES;
				CLANG_WARN_OBJC_ROOT_CLASS = YES_ERROR;
				CLANG_WARN_RANGE_LOOP_ANALYSIS = YES;
				CLANG_WARN_STRICT_PROTOTYPES = YES;
				CLANG_WARN_SUSPICIOUS_MOVE = YES;
				CLANG_WARN_UNGUARDED_AVAILABILITY = YES_AGGRESSIVE;
				CLANG_WARN_UNREACHABLE_CODE = YES;
				CLANG_WARN__DUPLICATE_METHOD_MATCH = YES;
				CODE_SIGN_IDENTITY = "iPhone Developer";
				CODE_SIGN_STYLE = Automatic;
				COPY_PHASE_STRIP = NO;
				DEBUG_INFORMATION_FORMAT = dwarf;
				DEVELOPMENT_TEAM = 83A9Z5EMT8;
				ENABLE_STRICT_OBJC_MSGSEND = YES;
				ENABLE_TESTABILITY = YES;
				GCC_C_LANGUAGE_STANDARD = gnu11;
				GCC_DYNAMIC_NO_PIC = NO;
				GCC_NO_COMMON_BLOCKS = YES;
				GCC_OPTIMIZATION_LEVEL = 0;
				GCC_PREPROCESSOR_DEFINITIONS = (
					"DEBUG=1",
					"$(inherited)",
				);
				GCC_WARN_64_TO_32_BIT_CONVERSION = YES;
				GCC_WARN_ABOUT_RETURN_TYPE = YES_ERROR;
				GCC_WARN_UNDECLARED_SELECTOR = YES;
				GCC_WARN_UNINITIALIZED_AUTOS = YES_AGGRESSIVE;
				GCC_WARN_UNUSED_FUNCTION = YES;
				GCC_WARN_UNUSED_VARIABLE = YES;
				INFOPLIST_FILE = EssentialsiOSTests/Info.plist;
				IPHONEOS_DEPLOYMENT_TARGET = 11.4;
				LD_RUNPATH_SEARCH_PATHS = (
					"$(inherited)",
					"@executable_path/Frameworks",
					"@loader_path/Frameworks",
				);
				MTL_ENABLE_DEBUG_INFO = YES;
				ONLY_ACTIVE_ARCH = YES;
				PRODUCT_BUNDLE_IDENTIFIER = willtyler.EssentialsiOSTests;
				PRODUCT_NAME = "$(TARGET_NAME)";
				SDKROOT = iphoneos;
				SWIFT_ACTIVE_COMPILATION_CONDITIONS = DEBUG;
				SWIFT_OPTIMIZATION_LEVEL = "-Onone";
				SWIFT_VERSION = 4.0;
				TARGETED_DEVICE_FAMILY = "1,2";
			};
			name = Debug;
		};
		4CFB9DA620C0499F0048BB16 /* Release */ = {
			isa = XCBuildConfiguration;
			buildSettings = {
				ALWAYS_EMBED_SWIFT_STANDARD_LIBRARIES = YES;
				ALWAYS_SEARCH_USER_PATHS = NO;
				CLANG_ANALYZER_NONNULL = YES;
				CLANG_ANALYZER_NUMBER_OBJECT_CONVERSION = YES_AGGRESSIVE;
				CLANG_CXX_LANGUAGE_STANDARD = "gnu++14";
				CLANG_CXX_LIBRARY = "libc++";
				CLANG_ENABLE_MODULES = YES;
				CLANG_ENABLE_OBJC_ARC = YES;
				CLANG_ENABLE_OBJC_WEAK = YES;
				CLANG_WARN_BLOCK_CAPTURE_AUTORELEASING = YES;
				CLANG_WARN_BOOL_CONVERSION = YES;
				CLANG_WARN_COMMA = YES;
				CLANG_WARN_CONSTANT_CONVERSION = YES;
				CLANG_WARN_DEPRECATED_OBJC_IMPLEMENTATIONS = YES;
				CLANG_WARN_DIRECT_OBJC_ISA_USAGE = YES_ERROR;
				CLANG_WARN_DOCUMENTATION_COMMENTS = YES;
				CLANG_WARN_EMPTY_BODY = YES;
				CLANG_WARN_ENUM_CONVERSION = YES;
				CLANG_WARN_INFINITE_RECURSION = YES;
				CLANG_WARN_INT_CONVERSION = YES;
				CLANG_WARN_NON_LITERAL_NULL_CONVERSION = YES;
				CLANG_WARN_OBJC_IMPLICIT_RETAIN_SELF = YES;
				CLANG_WARN_OBJC_LITERAL_CONVERSION = YES;
				CLANG_WARN_OBJC_ROOT_CLASS = YES_ERROR;
				CLANG_WARN_RANGE_LOOP_ANALYSIS = YES;
				CLANG_WARN_STRICT_PROTOTYPES = YES;
				CLANG_WARN_SUSPICIOUS_MOVE = YES;
				CLANG_WARN_UNGUARDED_AVAILABILITY = YES_AGGRESSIVE;
				CLANG_WARN_UNREACHABLE_CODE = YES;
				CLANG_WARN__DUPLICATE_METHOD_MATCH = YES;
				CODE_SIGN_IDENTITY = "iPhone Developer";
				CODE_SIGN_STYLE = Automatic;
				COPY_PHASE_STRIP = NO;
				DEBUG_INFORMATION_FORMAT = "dwarf-with-dsym";
				DEVELOPMENT_TEAM = 83A9Z5EMT8;
				ENABLE_NS_ASSERTIONS = NO;
				ENABLE_STRICT_OBJC_MSGSEND = YES;
				GCC_C_LANGUAGE_STANDARD = gnu11;
				GCC_NO_COMMON_BLOCKS = YES;
				GCC_WARN_64_TO_32_BIT_CONVERSION = YES;
				GCC_WARN_ABOUT_RETURN_TYPE = YES_ERROR;
				GCC_WARN_UNDECLARED_SELECTOR = YES;
				GCC_WARN_UNINITIALIZED_AUTOS = YES_AGGRESSIVE;
				GCC_WARN_UNUSED_FUNCTION = YES;
				GCC_WARN_UNUSED_VARIABLE = YES;
				INFOPLIST_FILE = EssentialsiOSTests/Info.plist;
				IPHONEOS_DEPLOYMENT_TARGET = 11.4;
				LD_RUNPATH_SEARCH_PATHS = (
					"$(inherited)",
					"@executable_path/Frameworks",
					"@loader_path/Frameworks",
				);
				MTL_ENABLE_DEBUG_INFO = NO;
				PRODUCT_BUNDLE_IDENTIFIER = willtyler.EssentialsiOSTests;
				PRODUCT_NAME = "$(TARGET_NAME)";
				SDKROOT = iphoneos;
				SWIFT_COMPILATION_MODE = wholemodule;
				SWIFT_OPTIMIZATION_LEVEL = "-O";
				SWIFT_VERSION = 4.0;
				TARGETED_DEVICE_FAMILY = "1,2";
				VALIDATE_PRODUCT = YES;
			};
			name = Release;
		};
/* End XCBuildConfiguration section */

/* Begin XCConfigurationList section */
		4CFB9D4E20C048B20048BB16 /* Build configuration list for PBXProject "Essentials" */ = {
			isa = XCConfigurationList;
			buildConfigurations = (
				4CFB9D4F20C048B20048BB16 /* Debug */,
				4CFB9D5020C048B20048BB16 /* Release */,
			);
			defaultConfigurationIsVisible = 0;
			defaultConfigurationName = Release;
		};
		4CFB9D6020C0490F0048BB16 /* Build configuration list for PBXNativeTarget "EssentialsTests" */ = {
			isa = XCConfigurationList;
			buildConfigurations = (
				4CFB9D6120C0490F0048BB16 /* Debug */,
				4CFB9D6220C0490F0048BB16 /* Release */,
			);
			defaultConfigurationIsVisible = 0;
			defaultConfigurationName = Release;
		};
		4CFB9D8520C049810048BB16 /* Build configuration list for PBXNativeTarget "EssentialsMacOS" */ = {
			isa = XCConfigurationList;
			buildConfigurations = (
				4CFB9D8620C049810048BB16 /* Debug */,
				4CFB9D8720C049810048BB16 /* Release */,
			);
			defaultConfigurationIsVisible = 0;
			defaultConfigurationName = Release;
		};
		4CFB9D8820C049810048BB16 /* Build configuration list for PBXNativeTarget "EssentialsMacOSTests" */ = {
			isa = XCConfigurationList;
			buildConfigurations = (
				4CFB9D8920C049810048BB16 /* Debug */,
				4CFB9D8A20C049810048BB16 /* Release */,
			);
			defaultConfigurationIsVisible = 0;
			defaultConfigurationName = Release;
		};
		4CFB9DA120C0499F0048BB16 /* Build configuration list for PBXNativeTarget "EssentialsiOS" */ = {
			isa = XCConfigurationList;
			buildConfigurations = (
				4CFB9DA220C0499F0048BB16 /* Debug */,
				4CFB9DA320C0499F0048BB16 /* Release */,
			);
			defaultConfigurationIsVisible = 0;
			defaultConfigurationName = Release;
		};
		4CFB9DA420C0499F0048BB16 /* Build configuration list for PBXNativeTarget "EssentialsiOSTests" */ = {
			isa = XCConfigurationList;
			buildConfigurations = (
				4CFB9DA520C0499F0048BB16 /* Debug */,
				4CFB9DA620C0499F0048BB16 /* Release */,
			);
			defaultConfigurationIsVisible = 0;
			defaultConfigurationName = Release;
		};
/* End XCConfigurationList section */
	};
	rootObject = 4CFB9D4B20C048B20048BB16 /* Project object */;
}
